
Microsoft Visual Studio Solution File, Format Version 12.00
# Visual Studio Version 17
VisualStudioVersion = 17.3.32825.248
MinimumVisualStudioVersion = 10.0.40219.1
Project("{FAE04EC0-301F-11D3-BF4B-00C04F79EFBC}") = "Saper", "Saper\Saper.csproj", "{30453945-FC23-47C2-AB84-D52AE554936D}"
EndProject
Global
	GlobalSection(SolutionConfigurationPlatforms) = preSolution
		Debug|Any CPU = Debug|Any CPU
		Release|Any CPU = Release|Any CPU
	EndGlobalSection
	GlobalSection(ProjectConfigurationPlatforms) = postSolution
		{30453945-FC23-47C2-AB84-D52AE554936D}.Debug|Any CPU.ActiveCfg = Debug|Any CPU
		{30453945-FC23-47C2-AB84-D52AE554936D}.Debug|Any CPU.Build.0 = Debug|Any CPU
		{30453945-FC23-47C2-AB84-D52AE554936D}.Release|Any CPU.ActiveCfg = Release|Any CPU
		{30453945-FC23-47C2-AB84-D52AE554936D}.Release|Any CPU.Build.0 = Release|Any CPU
	EndGlobalSection
	GlobalSection(SolutionProperties) = preSolution
		HideSolutionNode = FALSE
	EndGlobalSection
	GlobalSection(ExtensibilityGlobals) = postSolution
		SolutionGuid = {424E34B3-651E-4192-AF85-828D18AA303C}
	EndGlobalSection
EndGlobal
